
Microsoft Visual Studio Solution File, Format Version 12.00
# Visual Studio Version 16
VisualStudioVersion = 16.0.30907.101
MinimumVisualStudioVersion = 10.0.40219.1
Project("{9A19103F-16F7-4668-BE54-9A1E7A4F7556}") = "conferma", "conferma\conferma.csproj", "{383C9A08-8215-4DE0-99ED-24E9BFA41090}"
EndProject
Project("{9A19103F-16F7-4668-BE54-9A1E7A4F7556}") = "conferma.core", "conferma.core\conferma.core.csproj", "{646366F4-4973-44A3-83CF-611865E23308}"
EndProject
Project("{9A19103F-16F7-4668-BE54-9A1E7A4F7556}") = "conferma.infrastructure", "conferma.infrastructure\conferma.infrastructure.csproj", "{BE4A1FE7-21C8-4028-847F-8435345DA84A}"
EndProject
Project("{FAE04EC0-301F-11D3-BF4B-00C04F79EFBC}") = "conferma.tests", "conferma.tests\conferma.tests.csproj", "{907375B6-E9F9-4A31-ACB9-875D84A95294}"
EndProject
Global
	GlobalSection(SolutionConfigurationPlatforms) = preSolution
		Debug|Any CPU = Debug|Any CPU
		Release|Any CPU = Release|Any CPU
	EndGlobalSection
	GlobalSection(ProjectConfigurationPlatforms) = postSolution
		{383C9A08-8215-4DE0-99ED-24E9BFA41090}.Debug|Any CPU.ActiveCfg = Debug|Any CPU
		{383C9A08-8215-4DE0-99ED-24E9BFA41090}.Debug|Any CPU.Build.0 = Debug|Any CPU
		{383C9A08-8215-4DE0-99ED-24E9BFA41090}.Release|Any CPU.ActiveCfg = Release|Any CPU
		{383C9A08-8215-4DE0-99ED-24E9BFA41090}.Release|Any CPU.Build.0 = Release|Any CPU
		{646366F4-4973-44A3-83CF-611865E23308}.Debug|Any CPU.ActiveCfg = Debug|Any CPU
		{646366F4-4973-44A3-83CF-611865E23308}.Debug|Any CPU.Build.0 = Debug|Any CPU
		{646366F4-4973-44A3-83CF-611865E23308}.Release|Any CPU.ActiveCfg = Release|Any CPU
		{646366F4-4973-44A3-83CF-611865E23308}.Release|Any CPU.Build.0 = Release|Any CPU
		{BE4A1FE7-21C8-4028-847F-8435345DA84A}.Debug|Any CPU.ActiveCfg = Debug|Any CPU
		{BE4A1FE7-21C8-4028-847F-8435345DA84A}.Debug|Any CPU.Build.0 = Debug|Any CPU
		{BE4A1FE7-21C8-4028-847F-8435345DA84A}.Release|Any CPU.ActiveCfg = Release|Any CPU
		{BE4A1FE7-21C8-4028-847F-8435345DA84A}.Release|Any CPU.Build.0 = Release|Any CPU
		{907375B6-E9F9-4A31-ACB9-875D84A95294}.Debug|Any CPU.ActiveCfg = Debug|Any CPU
		{907375B6-E9F9-4A31-ACB9-875D84A95294}.Debug|Any CPU.Build.0 = Debug|Any CPU
		{907375B6-E9F9-4A31-ACB9-875D84A95294}.Release|Any CPU.ActiveCfg = Release|Any CPU
		{907375B6-E9F9-4A31-ACB9-875D84A95294}.Release|Any CPU.Build.0 = Release|Any CPU
	EndGlobalSection
	GlobalSection(SolutionProperties) = preSolution
		HideSolutionNode = FALSE
	EndGlobalSection
	GlobalSection(ExtensibilityGlobals) = postSolution
		SolutionGuid = {4555A34C-D080-4D39-9F57-9BBD89BB5C3F}
	EndGlobalSection
EndGlobal
